
Microsoft Visual Studio Solution File, Format Version 12.00
# Visual Studio 14
VisualStudioVersion = 14.0.24720.0
MinimumVisualStudioVersion = 10.0.40219.1
Project("{FAE04EC0-301F-11D3-BF4B-00C04F79EFBC}") = "PxLookUp.Droid", "PxLookUp\PxLookUp.Droid\PxLookUp.Droid.csproj", "{4BD03AC8-A62D-4F32-8D27-6F572A5A62A9}"
EndProject
Project("{FAE04EC0-301F-11D3-BF4B-00C04F79EFBC}") = "PxLookUp.iOS", "PxLookUp\PxLookUp.iOS\PxLookUp.iOS.csproj", "{B3EC3560-4126-4BF9-9081-A41FD0518200}"
EndProject
Project("{FAE04EC0-301F-11D3-BF4B-00C04F79EFBC}") = "PxLookUp.WinPhone", "PxLookUp\PxLookUp.WinPhone\PxLookUp.WinPhone.csproj", "{089EF881-DD5C-4C20-91CA-C9A1362EE745}"
EndProject
Project("{FAE04EC0-301F-11D3-BF4B-00C04F79EFBC}") = "PxLookUp.Windows", "PxLookUp\PxLookUp.Windows\PxLookUp.Windows.csproj", "{38BF4159-1C23-43D8-8CB1-7FAEF082B17F}"
EndProject
Project("{FAE04EC0-301F-11D3-BF4B-00C04F79EFBC}") = "PxLookUp", "PxLookUp\PxLookUp\PxLookUp.csproj", "{CEC706C9-2F83-4E07-8240-69338E82B723}"
EndProject
Global
	GlobalSection(SolutionConfigurationPlatforms) = preSolution
		Ad-Hoc|Any CPU = Ad-Hoc|Any CPU
		Ad-Hoc|ARM = Ad-Hoc|ARM
		Ad-Hoc|iPhone = Ad-Hoc|iPhone
		Ad-Hoc|iPhoneSimulator = Ad-Hoc|iPhoneSimulator
		Ad-Hoc|x64 = Ad-Hoc|x64
		Ad-Hoc|x86 = Ad-Hoc|x86
		AppStore|Any CPU = AppStore|Any CPU
		AppStore|ARM = AppStore|ARM
		AppStore|iPhone = AppStore|iPhone
		AppStore|iPhoneSimulator = AppStore|iPhoneSimulator
		AppStore|x64 = AppStore|x64
		AppStore|x86 = AppStore|x86
		Debug|Any CPU = Debug|Any CPU
		Debug|ARM = Debug|ARM
		Debug|iPhone = Debug|iPhone
		Debug|iPhoneSimulator = Debug|iPhoneSimulator
		Debug|x64 = Debug|x64
		Debug|x86 = Debug|x86
		Release|Any CPU = Release|Any CPU
		Release|ARM = Release|ARM
		Release|iPhone = Release|iPhone
		Release|iPhoneSimulator = Release|iPhoneSimulator
		Release|x64 = Release|x64
		Release|x86 = Release|x86
	EndGlobalSection
	GlobalSection(ProjectConfigurationPlatforms) = postSolution
		{4BD03AC8-A62D-4F32-8D27-6F572A5A62A9}.Ad-Hoc|Any CPU.ActiveCfg = Release|Any CPU
		{4BD03AC8-A62D-4F32-8D27-6F572A5A62A9}.Ad-Hoc|Any CPU.Build.0 = Release|Any CPU
		{4BD03AC8-A62D-4F32-8D27-6F572A5A62A9}.Ad-Hoc|Any CPU.Deploy.0 = Release|Any CPU
		{4BD03AC8-A62D-4F32-8D27-6F572A5A62A9}.Ad-Hoc|ARM.ActiveCfg = Release|Any CPU
		{4BD03AC8-A62D-4F32-8D27-6F572A5A62A9}.Ad-Hoc|ARM.Build.0 = Release|Any CPU
		{4BD03AC8-A62D-4F32-8D27-6F572A5A62A9}.Ad-Hoc|ARM.Deploy.0 = Release|Any CPU
		{4BD03AC8-A62D-4F32-8D27-6F572A5A62A9}.Ad-Hoc|iPhone.ActiveCfg = Release|Any CPU
		{4BD03AC8-A62D-4F32-8D27-6F572A5A62A9}.Ad-Hoc|iPhone.Build.0 = Release|Any CPU
		{4BD03AC8-A62D-4F32-8D27-6F572A5A62A9}.Ad-Hoc|iPhone.Deploy.0 = Release|Any CPU
		{4BD03AC8-A62D-4F32-8D27-6F572A5A62A9}.Ad-Hoc|iPhoneSimulator.ActiveCfg = Release|Any CPU
		{4BD03AC8-A62D-4F32-8D27-6F572A5A62A9}.Ad-Hoc|iPhoneSimulator.Build.0 = Release|Any CPU
		{4BD03AC8-A62D-4F32-8D27-6F572A5A62A9}.Ad-Hoc|iPhoneSimulator.Deploy.0 = Release|Any CPU
		{4BD03AC8-A62D-4F32-8D27-6F572A5A62A9}.Ad-Hoc|x64.ActiveCfg = Release|Any CPU
		{4BD03AC8-A62D-4F32-8D27-6F572A5A62A9}.Ad-Hoc|x64.Build.0 = Release|Any CPU
		{4BD03AC8-A62D-4F32-8D27-6F572A5A62A9}.Ad-Hoc|x64.Deploy.0 = Release|Any CPU
		{4BD03AC8-A62D-4F32-8D27-6F572A5A62A9}.Ad-Hoc|x86.ActiveCfg = Release|Any CPU
		{4BD03AC8-A62D-4F32-8D27-6F572A5A62A9}.Ad-Hoc|x86.Build.0 = Release|Any CPU
		{4BD03AC8-A62D-4F32-8D27-6F572A5A62A9}.Ad-Hoc|x86.Deploy.0 = Release|Any CPU
		{4BD03AC8-A62D-4F32-8D27-6F572A5A62A9}.AppStore|Any CPU.ActiveCfg = Release|Any CPU
		{4BD03AC8-A62D-4F32-8D27-6F572A5A62A9}.AppStore|Any CPU.Build.0 = Release|Any CPU
		{4BD03AC8-A62D-4F32-8D27-6F572A5A62A9}.AppStore|Any CPU.Deploy.0 = Release|Any CPU
		{4BD03AC8-A62D-4F32-8D27-6F572A5A62A9}.AppStore|ARM.ActiveCfg = Release|Any CPU
		{4BD03AC8-A62D-4F32-8D27-6F572A5A62A9}.AppStore|ARM.Build.0 = Release|Any CPU
		{4BD03AC8-A62D-4F32-8D27-6F572A5A62A9}.AppStore|ARM.Deploy.0 = Release|Any CPU
		{4BD03AC8-A62D-4F32-8D27-6F572A5A62A9}.AppStore|iPhone.ActiveCfg = Release|Any CPU
		{4BD03AC8-A62D-4F32-8D27-6F572A5A62A9}.AppStore|iPhone.Build.0 = Release|Any CPU
		{4BD03AC8-A62D-4F32-8D27-6F572A5A62A9}.AppStore|iPhone.Deploy.0 = Release|Any CPU
		{4BD03AC8-A62D-4F32-8D27-6F572A5A62A9}.AppStore|iPhoneSimulator.ActiveCfg = Release|Any CPU
		{4BD03AC8-A62D-4F32-8D27-6F572A5A62A9}.AppStore|iPhoneSimulator.Build.0 = Release|Any CPU
		{4BD03AC8-A62D-4F32-8D27-6F572A5A62A9}.AppStore|iPhoneSimulator.Deploy.0 = Release|Any CPU
		{4BD03AC8-A62D-4F32-8D27-6F572A5A62A9}.AppStore|x64.ActiveCfg = Release|Any CPU
		{4BD03AC8-A62D-4F32-8D27-6F572A5A62A9}.AppStore|x64.Build.0 = Release|Any CPU
		{4BD03AC8-A62D-4F32-8D27-6F572A5A62A9}.AppStore|x64.Deploy.0 = Release|Any CPU
		{4BD03AC8-A62D-4F32-8D27-6F572A5A62A9}.AppStore|x86.ActiveCfg = Release|Any CPU
		{4BD03AC8-A62D-4F32-8D27-6F572A5A62A9}.AppStore|x86.Build.0 = Release|Any CPU
		{4BD03AC8-A62D-4F32-8D27-6F572A5A62A9}.AppStore|x86.Deploy.0 = Release|Any CPU
		{4BD03AC8-A62D-4F32-8D27-6F572A5A62A9}.Debug|Any CPU.ActiveCfg = Debug|Any CPU
		{4BD03AC8-A62D-4F32-8D27-6F572A5A62A9}.Debug|Any CPU.Build.0 = Debug|Any CPU
		{4BD03AC8-A62D-4F32-8D27-6F572A5A62A9}.Debug|Any CPU.Deploy.0 = Debug|Any CPU
		{4BD03AC8-A62D-4F32-8D27-6F572A5A62A9}.Debug|ARM.ActiveCfg = Debug|Any CPU
		{4BD03AC8-A62D-4F32-8D27-6F572A5A62A9}.Debug|ARM.Build.0 = Debug|Any CPU
		{4BD03AC8-A62D-4F32-8D27-6F572A5A62A9}.Debug|ARM.Deploy.0 = Debug|Any CPU
		{4BD03AC8-A62D-4F32-8D27-6F572A5A62A9}.Debug|iPhone.ActiveCfg = Debug|Any CPU
		{4BD03AC8-A62D-4F32-8D27-6F572A5A62A9}.Debug|iPhone.Build.0 = Debug|Any CPU
		{4BD03AC8-A62D-4F32-8D27-6F572A5A62A9}.Debug|iPhone.Deploy.0 = Debug|Any CPU
		{4BD03AC8-A62D-4F32-8D27-6F572A5A62A9}.Debug|iPhoneSimulator.ActiveCfg = Debug|Any CPU
		{4BD03AC8-A62D-4F32-8D27-6F572A5A62A9}.Debug|iPhoneSimulator.Build.0 = Debug|Any CPU
		{4BD03AC8-A62D-4F32-8D27-6F572A5A62A9}.Debug|iPhoneSimulator.Deploy.0 = Debug|Any CPU
		{4BD03AC8-A62D-4F32-8D27-6F572A5A62A9}.Debug|x64.ActiveCfg = Debug|Any CPU
		{4BD03AC8-A62D-4F32-8D27-6F572A5A62A9}.Debug|x64.Build.0 = Debug|Any CPU
		{4BD03AC8-A62D-4F32-8D27-6F572A5A62A9}.Debug|x64.Deploy.0 = Debug|Any CPU
		{4BD03AC8-A62D-4F32-8D27-6F572A5A62A9}.Debug|x86.ActiveCfg = Debug|Any CPU
		{4BD03AC8-A62D-4F32-8D27-6F572A5A62A9}.Debug|x86.Build.0 = Debug|Any CPU
		{4BD03AC8-A62D-4F32-8D27-6F572A5A62A9}.Debug|x86.Deploy.0 = Debug|Any CPU
		{4BD03AC8-A62D-4F32-8D27-6F572A5A62A9}.Release|Any CPU.ActiveCfg = Release|Any CPU
		{4BD03AC8-A62D-4F32-8D27-6F572A5A62A9}.Release|Any CPU.Build.0 = Release|Any CPU
		{4BD03AC8-A62D-4F32-8D27-6F572A5A62A9}.Release|Any CPU.Deploy.0 = Release|Any CPU
		{4BD03AC8-A62D-4F32-8D27-6F572A5A62A9}.Release|ARM.ActiveCfg = Release|Any CPU
		{4BD03AC8-A62D-4F32-8D27-6F572A5A62A9}.Release|ARM.Build.0 = Release|Any CPU
		{4BD03AC8-A62D-4F32-8D27-6F572A5A62A9}.Release|ARM.Deploy.0 = Release|Any CPU
		{4BD03AC8-A62D-4F32-8D27-6F572A5A62A9}.Release|iPhone.ActiveCfg = Release|Any CPU
		{4BD03AC8-A62D-4F32-8D27-6F572A5A62A9}.Release|iPhone.Build.0 = Release|Any CPU
		{4BD03AC8-A62D-4F32-8D27-6F572A5A62A9}.Release|iPhone.Deploy.0 = Release|Any CPU
		{4BD03AC8-A62D-4F32-8D27-6F572A5A62A9}.Release|iPhoneSimulator.ActiveCfg = Release|Any CPU
		{4BD03AC8-A62D-4F32-8D27-6F572A5A62A9}.Release|iPhoneSimulator.Build.0 = Release|Any CPU
		{4BD03AC8-A62D-4F32-8D27-6F572A5A62A9}.Release|iPhoneSimulator.Deploy.0 = Release|Any CPU
		{4BD03AC8-A62D-4F32-8D27-6F572A5A62A9}.Release|x64.ActiveCfg = Release|Any CPU
		{4BD03AC8-A62D-4F32-8D27-6F572A5A62A9}.Release|x64.Build.0 = Release|Any CPU
		{4BD03AC8-A62D-4F32-8D27-6F572A5A62A9}.Release|x64.Deploy.0 = Release|Any CPU
		{4BD03AC8-A62D-4F32-8D27-6F572A5A62A9}.Release|x86.ActiveCfg = Release|Any CPU
		{4BD03AC8-A62D-4F32-8D27-6F572A5A62A9}.Release|x86.Build.0 = Release|Any CPU
		{4BD03AC8-A62D-4F32-8D27-6F572A5A62A9}.Release|x86.Deploy.0 = Release|Any CPU
		{B3EC3560-4126-4BF9-9081-A41FD0518200}.Ad-Hoc|Any CPU.ActiveCfg = Ad-Hoc|iPhone
		{B3EC3560-4126-4BF9-9081-A41FD0518200}.Ad-Hoc|ARM.ActiveCfg = Ad-Hoc|iPhone
		{B3EC3560-4126-4BF9-9081-A41FD0518200}.Ad-Hoc|iPhone.ActiveCfg = Ad-Hoc|iPhone
		{B3EC3560-4126-4BF9-9081-A41FD0518200}.Ad-Hoc|iPhone.Build.0 = Ad-Hoc|iPhone
		{B3EC3560-4126-4BF9-9081-A41FD0518200}.Ad-Hoc|iPhoneSimulator.ActiveCfg = Ad-Hoc|iPhoneSimulator
		{B3EC3560-4126-4BF9-9081-A41FD0518200}.Ad-Hoc|iPhoneSimulator.Build.0 = Ad-Hoc|iPhoneSimulator
		{B3EC3560-4126-4BF9-9081-A41FD0518200}.Ad-Hoc|x64.ActiveCfg = Ad-Hoc|iPhone
		{B3EC3560-4126-4BF9-9081-A41FD0518200}.Ad-Hoc|x86.ActiveCfg = Ad-Hoc|iPhone
		{B3EC3560-4126-4BF9-9081-A41FD0518200}.AppStore|Any CPU.ActiveCfg = AppStore|iPhone
		{B3EC3560-4126-4BF9-9081-A41FD0518200}.AppStore|ARM.ActiveCfg = AppStore|iPhone
		{B3EC3560-4126-4BF9-9081-A41FD0518200}.AppStore|iPhone.ActiveCfg = AppStore|iPhone
		{B3EC3560-4126-4BF9-9081-A41FD0518200}.AppStore|iPhone.Build.0 = AppStore|iPhone
		{B3EC3560-4126-4BF9-9081-A41FD0518200}.AppStore|iPhoneSimulator.ActiveCfg = AppStore|iPhoneSimulator
		{B3EC3560-4126-4BF9-9081-A41FD0518200}.AppStore|iPhoneSimulator.Build.0 = AppStore|iPhoneSimulator
		{B3EC3560-4126-4BF9-9081-A41FD0518200}.AppStore|x64.ActiveCfg = AppStore|iPhone
		{B3EC3560-4126-4BF9-9081-A41FD0518200}.AppStore|x86.ActiveCfg = AppStore|iPhone
		{B3EC3560-4126-4BF9-9081-A41FD0518200}.Debug|Any CPU.ActiveCfg = Debug|iPhone
		{B3EC3560-4126-4BF9-9081-A41FD0518200}.Debug|ARM.ActiveCfg = Debug|iPhone
		{B3EC3560-4126-4BF9-9081-A41FD0518200}.Debug|iPhone.ActiveCfg = Debug|iPhone
		{B3EC3560-4126-4BF9-9081-A41FD0518200}.Debug|iPhone.Build.0 = Debug|iPhone
		{B3EC3560-4126-4BF9-9081-A41FD0518200}.Debug|iPhoneSimulator.ActiveCfg = Debug|iPhoneSimulator
		{B3EC3560-4126-4BF9-9081-A41FD0518200}.Debug|iPhoneSimulator.Build.0 = Debug|iPhoneSimulator
		{B3EC3560-4126-4BF9-9081-A41FD0518200}.Debug|x64.ActiveCfg = Debug|iPhone
		{B3EC3560-4126-4BF9-9081-A41FD0518200}.Debug|x86.ActiveCfg = Debug|iPhone
		{B3EC3560-4126-4BF9-9081-A41FD0518200}.Release|Any CPU.ActiveCfg = Release|iPhone
		{B3EC3560-4126-4BF9-9081-A41FD0518200}.Release|ARM.ActiveCfg = Release|iPhone
		{B3EC3560-4126-4BF9-9081-A41FD0518200}.Release|iPhone.ActiveCfg = Release|iPhone
		{B3EC3560-4126-4BF9-9081-A41FD0518200}.Release|iPhone.Build.0 = Release|iPhone
		{B3EC3560-4126-4BF9-9081-A41FD0518200}.Release|iPhoneSimulator.ActiveCfg = Release|iPhoneSimulator
		{B3EC3560-4126-4BF9-9081-A41FD0518200}.Release|iPhoneSimulator.Build.0 = Release|iPhoneSimulator
		{B3EC3560-4126-4BF9-9081-A41FD0518200}.Release|x64.ActiveCfg = Release|iPhone
		{B3EC3560-4126-4BF9-9081-A41FD0518200}.Release|x86.ActiveCfg = Release|iPhone
		{089EF881-DD5C-4C20-91CA-C9A1362EE745}.Ad-Hoc|Any CPU.ActiveCfg = Release|Any CPU
		{089EF881-DD5C-4C20-91CA-C9A1362EE745}.Ad-Hoc|Any CPU.Build.0 = Release|Any CPU
		{089EF881-DD5C-4C20-91CA-C9A1362EE745}.Ad-Hoc|Any CPU.Deploy.0 = Release|Any CPU
		{089EF881-DD5C-4C20-91CA-C9A1362EE745}.Ad-Hoc|ARM.ActiveCfg = Release|ARM
		{089EF881-DD5C-4C20-91CA-C9A1362EE745}.Ad-Hoc|ARM.Build.0 = Release|ARM
		{089EF881-DD5C-4C20-91CA-C9A1362EE745}.Ad-Hoc|ARM.Deploy.0 = Release|ARM
		{089EF881-DD5C-4C20-91CA-C9A1362EE745}.Ad-Hoc|iPhone.ActiveCfg = Release|Any CPU
		{089EF881-DD5C-4C20-91CA-C9A1362EE745}.Ad-Hoc|iPhone.Build.0 = Release|Any CPU
		{089EF881-DD5C-4C20-91CA-C9A1362EE745}.Ad-Hoc|iPhone.Deploy.0 = Release|Any CPU
		{089EF881-DD5C-4C20-91CA-C9A1362EE745}.Ad-Hoc|iPhoneSimulator.ActiveCfg = Release|Any CPU
		{089EF881-DD5C-4C20-91CA-C9A1362EE745}.Ad-Hoc|iPhoneSimulator.Build.0 = Release|Any CPU
		{089EF881-DD5C-4C20-91CA-C9A1362EE745}.Ad-Hoc|iPhoneSimulator.Deploy.0 = Release|Any CPU
		{089EF881-DD5C-4C20-91CA-C9A1362EE745}.Ad-Hoc|x64.ActiveCfg = Release|Any CPU
		{089EF881-DD5C-4C20-91CA-C9A1362EE745}.Ad-Hoc|x64.Build.0 = Release|Any CPU
		{089EF881-DD5C-4C20-91CA-C9A1362EE745}.Ad-Hoc|x64.Deploy.0 = Release|Any CPU
		{089EF881-DD5C-4C20-91CA-C9A1362EE745}.Ad-Hoc|x86.ActiveCfg = Release|x86
		{089EF881-DD5C-4C20-91CA-C9A1362EE745}.Ad-Hoc|x86.Build.0 = Release|x86
		{089EF881-DD5C-4C20-91CA-C9A1362EE745}.Ad-Hoc|x86.Deploy.0 = Release|x86
		{089EF881-DD5C-4C20-91CA-C9A1362EE745}.AppStore|Any CPU.ActiveCfg = Release|Any CPU
		{089EF881-DD5C-4C20-91CA-C9A1362EE745}.AppStore|Any CPU.Build.0 = Release|Any CPU
		{089EF881-DD5C-4C20-91CA-C9A1362EE745}.AppStore|Any CPU.Deploy.0 = Release|Any CPU
		{089EF881-DD5C-4C20-91CA-C9A1362EE745}.AppStore|ARM.ActiveCfg = Release|ARM
		{089EF881-DD5C-4C20-91CA-C9A1362EE745}.AppStore|ARM.Build.0 = Release|ARM
		{089EF881-DD5C-4C20-91CA-C9A1362EE745}.AppStore|ARM.Deploy.0 = Release|ARM
		{089EF881-DD5C-4C20-91CA-C9A1362EE745}.AppStore|iPhone.ActiveCfg = Release|Any CPU
		{089EF881-DD5C-4C20-91CA-C9A1362EE745}.AppStore|iPhone.Build.0 = Release|Any CPU
		{089EF881-DD5C-4C20-91CA-C9A1362EE745}.AppStore|iPhone.Deploy.0 = Release|Any CPU
		{089EF881-DD5C-4C20-91CA-C9A1362EE745}.AppStore|iPhoneSimulator.ActiveCfg = Release|Any CPU
		{089EF881-DD5C-4C20-91CA-C9A1362EE745}.AppStore|iPhoneSimulator.Build.0 = Release|Any CPU
		{089EF881-DD5C-4C20-91CA-C9A1362EE745}.AppStore|iPhoneSimulator.Deploy.0 = Release|Any CPU
		{089EF881-DD5C-4C20-91CA-C9A1362EE745}.AppStore|x64.ActiveCfg = Release|Any CPU
		{089EF881-DD5C-4C20-91CA-C9A1362EE745}.AppStore|x64.Build.0 = Release|Any CPU
		{089EF881-DD5C-4C20-91CA-C9A1362EE745}.AppStore|x64.Deploy.0 = Release|Any CPU
		{089EF881-DD5C-4C20-91CA-C9A1362EE745}.AppStore|x86.ActiveCfg = Release|x86
		{089EF881-DD5C-4C20-91CA-C9A1362EE745}.AppStore|x86.Build.0 = Release|x86
		{089EF881-DD5C-4C20-91CA-C9A1362EE745}.AppStore|x86.Deploy.0 = Release|x86
		{089EF881-DD5C-4C20-91CA-C9A1362EE745}.Debug|Any CPU.ActiveCfg = Debug|Any CPU
		{089EF881-DD5C-4C20-91CA-C9A1362EE745}.Debug|Any CPU.Build.0 = Debug|Any CPU
		{089EF881-DD5C-4C20-91CA-C9A1362EE745}.Debug|Any CPU.Deploy.0 = Debug|Any CPU
		{089EF881-DD5C-4C20-91CA-C9A1362EE745}.Debug|ARM.ActiveCfg = Debug|ARM
		{089EF881-DD5C-4C20-91CA-C9A1362EE745}.Debug|ARM.Build.0 = Debug|ARM
		{089EF881-DD5C-4C20-91CA-C9A1362EE745}.Debug|ARM.Deploy.0 = Debug|ARM
		{089EF881-DD5C-4C20-91CA-C9A1362EE745}.Debug|iPhone.ActiveCfg = Debug|Any CPU
		{089EF881-DD5C-4C20-91CA-C9A1362EE745}.Debug|iPhone.Build.0 = Debug|Any CPU
		{089EF881-DD5C-4C20-91CA-C9A1362EE745}.Debug|iPhone.Deploy.0 = Debug|Any CPU
		{089EF881-DD5C-4C20-91CA-C9A1362EE745}.Debug|iPhoneSimulator.ActiveCfg = Debug|Any CPU
		{089EF881-DD5C-4C20-91CA-C9A1362EE745}.Debug|iPhoneSimulator.Build.0 = Debug|Any CPU
		{089EF881-DD5C-4C20-91CA-C9A1362EE745}.Debug|iPhoneSimulator.Deploy.0 = Debug|Any CPU
		{089EF881-DD5C-4C20-91CA-C9A1362EE745}.Debug|x64.ActiveCfg = Debug|Any CPU
		{089EF881-DD5C-4C20-91CA-C9A1362EE745}.Debug|x64.Build.0 = Debug|Any CPU
		{089EF881-DD5C-4C20-91CA-C9A1362EE745}.Debug|x64.Deploy.0 = Debug|Any CPU
		{089EF881-DD5C-4C20-91CA-C9A1362EE745}.Debug|x86.ActiveCfg = Debug|x86
		{089EF881-DD5C-4C20-91CA-C9A1362EE745}.Debug|x86.Build.0 = Debug|x86
		{089EF881-DD5C-4C20-91CA-C9A1362EE745}.Debug|x86.Deploy.0 = Debug|x86
		{089EF881-DD5C-4C20-91CA-C9A1362EE745}.Release|Any CPU.ActiveCfg = Release|Any CPU
		{089EF881-DD5C-4C20-91CA-C9A1362EE745}.Release|Any CPU.Build.0 = Release|Any CPU
		{089EF881-DD5C-4C20-91CA-C9A1362EE745}.Release|Any CPU.Deploy.0 = Release|Any CPU
		{089EF881-DD5C-4C20-91CA-C9A1362EE745}.Release|ARM.ActiveCfg = Release|ARM
		{089EF881-DD5C-4C20-91CA-C9A1362EE745}.Release|ARM.Build.0 = Release|ARM
		{089EF881-DD5C-4C20-91CA-C9A1362EE745}.Release|ARM.Deploy.0 = Release|ARM
		{089EF881-DD5C-4C20-91CA-C9A1362EE745}.Release|iPhone.ActiveCfg = Release|Any CPU
		{089EF881-DD5C-4C20-91CA-C9A1362EE745}.Release|iPhone.Build.0 = Release|Any CPU
		{089EF881-DD5C-4C20-91CA-C9A1362EE745}.Release|iPhone.Deploy.0 = Release|Any CPU
		{089EF881-DD5C-4C20-91CA-C9A1362EE745}.Release|iPhoneSimulator.ActiveCfg = Release|Any CPU
		{089EF881-DD5C-4C20-91CA-C9A1362EE745}.Release|iPhoneSimulator.Build.0 = Release|Any CPU
		{089EF881-DD5C-4C20-91CA-C9A1362EE745}.Release|iPhoneSimulator.Deploy.0 = Release|Any CPU
		{089EF881-DD5C-4C20-91CA-C9A1362EE745}.Release|x64.ActiveCfg = Release|Any CPU
		{089EF881-DD5C-4C20-91CA-C9A1362EE745}.Release|x64.Build.0 = Release|Any CPU
		{089EF881-DD5C-4C20-91CA-C9A1362EE745}.Release|x64.Deploy.0 = Release|Any CPU
		{089EF881-DD5C-4C20-91CA-C9A1362EE745}.Release|x86.ActiveCfg = Release|x86
		{089EF881-DD5C-4C20-91CA-C9A1362EE745}.Release|x86.Build.0 = Release|x86
		{089EF881-DD5C-4C20-91CA-C9A1362EE745}.Release|x86.Deploy.0 = Release|x86
		{38BF4159-1C23-43D8-8CB1-7FAEF082B17F}.Ad-Hoc|Any CPU.ActiveCfg = Release|Any CPU
		{38BF4159-1C23-43D8-8CB1-7FAEF082B17F}.Ad-Hoc|Any CPU.Build.0 = Release|Any CPU
		{38BF4159-1C23-43D8-8CB1-7FAEF082B17F}.Ad-Hoc|Any CPU.Deploy.0 = Release|Any CPU
		{38BF4159-1C23-43D8-8CB1-7FAEF082B17F}.Ad-Hoc|ARM.ActiveCfg = Release|ARM
		{38BF4159-1C23-43D8-8CB1-7FAEF082B17F}.Ad-Hoc|ARM.Build.0 = Release|ARM
		{38BF4159-1C23-43D8-8CB1-7FAEF082B17F}.Ad-Hoc|ARM.Deploy.0 = Release|ARM
		{38BF4159-1C23-43D8-8CB1-7FAEF082B17F}.Ad-Hoc|iPhone.ActiveCfg = Release|Any CPU
		{38BF4159-1C23-43D8-8CB1-7FAEF082B17F}.Ad-Hoc|iPhone.Build.0 = Release|Any CPU
		{38BF4159-1C23-43D8-8CB1-7FAEF082B17F}.Ad-Hoc|iPhone.Deploy.0 = Release|Any CPU
		{38BF4159-1C23-43D8-8CB1-7FAEF082B17F}.Ad-Hoc|iPhoneSimulator.ActiveCfg = Release|Any CPU
		{38BF4159-1C23-43D8-8CB1-7FAEF082B17F}.Ad-Hoc|iPhoneSimulator.Build.0 = Release|Any CPU
		{38BF4159-1C23-43D8-8CB1-7FAEF082B17F}.Ad-Hoc|iPhoneSimulator.Deploy.0 = Release|Any CPU
		{38BF4159-1C23-43D8-8CB1-7FAEF082B17F}.Ad-Hoc|x64.ActiveCfg = Release|x64
		{38BF4159-1C23-43D8-8CB1-7FAEF082B17F}.Ad-Hoc|x64.Build.0 = Release|x64
		{38BF4159-1C23-43D8-8CB1-7FAEF082B17F}.Ad-Hoc|x64.Deploy.0 = Release|x64
		{38BF4159-1C23-43D8-8CB1-7FAEF082B17F}.Ad-Hoc|x86.ActiveCfg = Release|x86
		{38BF4159-1C23-43D8-8CB1-7FAEF082B17F}.Ad-Hoc|x86.Build.0 = Release|x86
		{38BF4159-1C23-43D8-8CB1-7FAEF082B17F}.Ad-Hoc|x86.Deploy.0 = Release|x86
		{38BF4159-1C23-43D8-8CB1-7FAEF082B17F}.AppStore|Any CPU.ActiveCfg = Release|Any CPU
		{38BF4159-1C23-43D8-8CB1-7FAEF082B17F}.AppStore|Any CPU.Build.0 = Release|Any CPU
		{38BF4159-1C23-43D8-8CB1-7FAEF082B17F}.AppStore|Any CPU.Deploy.0 = Release|Any CPU
		{38BF4159-1C23-43D8-8CB1-7FAEF082B17F}.AppStore|ARM.ActiveCfg = Release|ARM
		{38BF4159-1C23-43D8-8CB1-7FAEF082B17F}.AppStore|ARM.Build.0 = Release|ARM
		{38BF4159-1C23-43D8-8CB1-7FAEF082B17F}.AppStore|ARM.Deploy.0 = Release|ARM
		{38BF4159-1C23-43D8-8CB1-7FAEF082B17F}.AppStore|iPhone.ActiveCfg = Release|Any CPU
		{38BF4159-1C23-43D8-8CB1-7FAEF082B17F}.AppStore|iPhone.Build.0 = Release|Any CPU
		{38BF4159-1C23-43D8-8CB1-7FAEF082B17F}.AppStore|iPhone.Deploy.0 = Release|Any CPU
		{38BF4159-1C23-43D8-8CB1-7FAEF082B17F}.AppStore|iPhoneSimulator.ActiveCfg = Release|Any CPU
		{38BF4159-1C23-43D8-8CB1-7FAEF082B17F}.AppStore|iPhoneSimulator.Build.0 = Release|Any CPU
		{38BF4159-1C23-43D8-8CB1-7FAEF082B17F}.AppStore|iPhoneSimulator.Deploy.0 = Release|Any CPU
		{38BF4159-1C23-43D8-8CB1-7FAEF082B17F}.AppStore|x64.ActiveCfg = Release|x64
		{38BF4159-1C23-43D8-8CB1-7FAEF082B17F}.AppStore|x64.Build.0 = Release|x64
		{38BF4159-1C23-43D8-8CB1-7FAEF082B17F}.AppStore|x64.Deploy.0 = Release|x64
		{38BF4159-1C23-43D8-8CB1-7FAEF082B17F}.AppStore|x86.ActiveCfg = Release|x86
		{38BF4159-1C23-43D8-8CB1-7FAEF082B17F}.AppStore|x86.Build.0 = Release|x86
		{38BF4159-1C23-43D8-8CB1-7FAEF082B17F}.AppStore|x86.Deploy.0 = Release|x86
		{38BF4159-1C23-43D8-8CB1-7FAEF082B17F}.Debug|Any CPU.ActiveCfg = Debug|Any CPU
		{38BF4159-1C23-43D8-8CB1-7FAEF082B17F}.Debug|Any CPU.Build.0 = Debug|Any CPU
		{38BF4159-1C23-43D8-8CB1-7FAEF082B17F}.Debug|Any CPU.Deploy.0 = Debug|Any CPU
		{38BF4159-1C23-43D8-8CB1-7FAEF082B17F}.Debug|ARM.ActiveCfg = Debug|ARM
		{38BF4159-1C23-43D8-8CB1-7FAEF082B17F}.Debug|ARM.Build.0 = Debug|ARM
		{38BF4159-1C23-43D8-8CB1-7FAEF082B17F}.Debug|ARM.Deploy.0 = Debug|ARM
		{38BF4159-1C23-43D8-8CB1-7FAEF082B17F}.Debug|iPhone.ActiveCfg = Debug|Any CPU
		{38BF4159-1C23-43D8-8CB1-7FAEF082B17F}.Debug|iPhone.Build.0 = Debug|Any CPU
		{38BF4159-1C23-43D8-8CB1-7FAEF082B17F}.Debug|iPhone.Deploy.0 = Debug|Any CPU
		{38BF4159-1C23-43D8-8CB1-7FAEF082B17F}.Debug|iPhoneSimulator.ActiveCfg = Debug|Any CPU
		{38BF4159-1C23-43D8-8CB1-7FAEF082B17F}.Debug|iPhoneSimulator.Build.0 = Debug|Any CPU
		{38BF4159-1C23-43D8-8CB1-7FAEF082B17F}.Debug|iPhoneSimulator.Deploy.0 = Debug|Any CPU
		{38BF4159-1C23-43D8-8CB1-7FAEF082B17F}.Debug|x64.ActiveCfg = Debug|x64
		{38BF4159-1C23-43D8-8CB1-7FAEF082B17F}.Debug|x64.Build.0 = Debug|x64
		{38BF4159-1C23-43D8-8CB1-7FAEF082B17F}.Debug|x64.Deploy.0 = Debug|x64
		{38BF4159-1C23-43D8-8CB1-7FAEF082B17F}.Debug|x86.ActiveCfg = Debug|x86
		{38BF4159-1C23-43D8-8CB1-7FAEF082B17F}.Debug|x86.Build.0 = Debug|x86
		{38BF4159-1C23-43D8-8CB1-7FAEF082B17F}.Debug|x86.Deploy.0 = Debug|x86
		{38BF4159-1C23-43D8-8CB1-7FAEF082B17F}.Release|Any CPU.ActiveCfg = Release|Any CPU
		{38BF4159-1C23-43D8-8CB1-7FAEF082B17F}.Release|Any CPU.Build.0 = Release|Any CPU
		{38BF4159-1C23-43D8-8CB1-7FAEF082B17F}.Release|Any CPU.Deploy.0 = Release|Any CPU
		{38BF4159-1C23-43D8-8CB1-7FAEF082B17F}.Release|ARM.ActiveCfg = Release|ARM
		{38BF4159-1C23-43D8-8CB1-7FAEF082B17F}.Release|ARM.Build.0 = Release|ARM
		{38BF4159-1C23-43D8-8CB1-7FAEF082B17F}.Release|ARM.Deploy.0 = Release|ARM
		{38BF4159-1C23-43D8-8CB1-7FAEF082B17F}.Release|iPhone.ActiveCfg = Release|Any CPU
		{38BF4159-1C23-43D8-8CB1-7FAEF082B17F}.Release|iPhone.Build.0 = Release|Any CPU
		{38BF4159-1C23-43D8-8CB1-7FAEF082B17F}.Release|iPhone.Deploy.0 = Release|Any CPU
		{38BF4159-1C23-43D8-8CB1-7FAEF082B17F}.Release|iPhoneSimulator.ActiveCfg = Release|Any CPU
		{38BF4159-1C23-43D8-8CB1-7FAEF082B17F}.Release|iPhoneSimulator.Build.0 = Release|Any CPU
		{38BF4159-1C23-43D8-8CB1-7FAEF082B17F}.Release|iPhoneSimulator.Deploy.0 = Release|Any CPU
		{38BF4159-1C23-43D8-8CB1-7FAEF082B17F}.Release|x64.ActiveCfg = Release|x64
		{38BF4159-1C23-43D8-8CB1-7FAEF082B17F}.Release|x64.Build.0 = Release|x64
		{38BF4159-1C23-43D8-8CB1-7FAEF082B17F}.Release|x64.Deploy.0 = Release|x64
		{38BF4159-1C23-43D8-8CB1-7FAEF082B17F}.Release|x86.ActiveCfg = Release|x86
		{38BF4159-1C23-43D8-8CB1-7FAEF082B17F}.Release|x86.Build.0 = Release|x86
		{38BF4159-1C23-43D8-8CB1-7FAEF082B17F}.Release|x86.Deploy.0 = Release|x86
		{CEC706C9-2F83-4E07-8240-69338E82B723}.Ad-Hoc|Any CPU.ActiveCfg = Release|Any CPU
		{CEC706C9-2F83-4E07-8240-69338E82B723}.Ad-Hoc|Any CPU.Build.0 = Release|Any CPU
		{CEC706C9-2F83-4E07-8240-69338E82B723}.Ad-Hoc|ARM.ActiveCfg = Release|Any CPU
		{CEC706C9-2F83-4E07-8240-69338E82B723}.Ad-Hoc|ARM.Build.0 = Release|Any CPU
		{CEC706C9-2F83-4E07-8240-69338E82B723}.Ad-Hoc|iPhone.ActiveCfg = Release|Any CPU
		{CEC706C9-2F83-4E07-8240-69338E82B723}.Ad-Hoc|iPhone.Build.0 = Release|Any CPU
		{CEC706C9-2F83-4E07-8240-69338E82B723}.Ad-Hoc|iPhoneSimulator.ActiveCfg = Release|Any CPU
		{CEC706C9-2F83-4E07-8240-69338E82B723}.Ad-Hoc|iPhoneSimulator.Build.0 = Release|Any CPU
		{CEC706C9-2F83-4E07-8240-69338E82B723}.Ad-Hoc|x64.ActiveCfg = Release|Any CPU
		{CEC706C9-2F83-4E07-8240-69338E82B723}.Ad-Hoc|x64.Build.0 = Release|Any CPU
		{CEC706C9-2F83-4E07-8240-69338E82B723}.Ad-Hoc|x86.ActiveCfg = Release|Any CPU
		{CEC706C9-2F83-4E07-8240-69338E82B723}.Ad-Hoc|x86.Build.0 = Release|Any CPU
		{CEC706C9-2F83-4E07-8240-69338E82B723}.AppStore|Any CPU.ActiveCfg = Release|Any CPU
		{CEC706C9-2F83-4E07-8240-69338E82B723}.AppStore|Any CPU.Build.0 = Release|Any CPU
		{CEC706C9-2F83-4E07-8240-69338E82B723}.AppStore|ARM.ActiveCfg = Release|Any CPU
		{CEC706C9-2F83-4E07-8240-69338E82B723}.AppStore|ARM.Build.0 = Release|Any CPU
		{CEC706C9-2F83-4E07-8240-69338E82B723}.AppStore|iPhone.ActiveCfg = Release|Any CPU
		{CEC706C9-2F83-4E07-8240-69338E82B723}.AppStore|iPhone.Build.0 = Release|Any CPU
		{CEC706C9-2F83-4E07-8240-69338E82B723}.AppStore|iPhoneSimulator.ActiveCfg = Release|Any CPU
		{CEC706C9-2F83-4E07-8240-69338E82B723}.AppStore|iPhoneSimulator.Build.0 = Release|Any CPU
		{CEC706C9-2F83-4E07-8240-69338E82B723}.AppStore|x64.ActiveCfg = Release|Any CPU
		{CEC706C9-2F83-4E07-8240-69338E82B723}.AppStore|x64.Build.0 = Release|Any CPU
		{CEC706C9-2F83-4E07-8240-69338E82B723}.AppStore|x86.ActiveCfg = Release|Any CPU
		{CEC706C9-2F83-4E07-8240-69338E82B723}.AppStore|x86.Build.0 = Release|Any CPU
		{CEC706C9-2F83-4E07-8240-69338E82B723}.Debug|Any CPU.ActiveCfg = Debug|Any CPU
		{CEC706C9-2F83-4E07-8240-69338E82B723}.Debug|Any CPU.Build.0 = Debug|Any CPU
		{CEC706C9-2F83-4E07-8240-69338E82B723}.Debug|ARM.ActiveCfg = Debug|Any CPU
		{CEC706C9-2F83-4E07-8240-69338E82B723}.Debug|ARM.Build.0 = Debug|Any CPU
		{CEC706C9-2F83-4E07-8240-69338E82B723}.Debug|iPhone.ActiveCfg = Debug|Any CPU
		{CEC706C9-2F83-4E07-8240-69338E82B723}.Debug|iPhone.Build.0 = Debug|Any CPU
		{CEC706C9-2F83-4E07-8240-69338E82B723}.Debug|iPhoneSimulator.ActiveCfg = Debug|Any CPU
		{CEC706C9-2F83-4E07-8240-69338E82B723}.Debug|iPhoneSimulator.Build.0 = Debug|Any CPU
		{CEC706C9-2F83-4E07-8240-69338E82B723}.Debug|x64.ActiveCfg = Debug|Any CPU
		{CEC706C9-2F83-4E07-8240-69338E82B723}.Debug|x64.Build.0 = Debug|Any CPU
		{CEC706C9-2F83-4E07-8240-69338E82B723}.Debug|x86.ActiveCfg = Debug|Any CPU
		{CEC706C9-2F83-4E07-8240-69338E82B723}.Debug|x86.Build.0 = Debug|Any CPU
		{CEC706C9-2F83-4E07-8240-69338E82B723}.Release|Any CPU.ActiveCfg = Release|Any CPU
		{CEC706C9-2F83-4E07-8240-69338E82B723}.Release|Any CPU.Build.0 = Release|Any CPU
		{CEC706C9-2F83-4E07-8240-69338E82B723}.Release|ARM.ActiveCfg = Release|Any CPU
		{CEC706C9-2F83-4E07-8240-69338E82B723}.Release|ARM.Build.0 = Release|Any CPU
		{CEC706C9-2F83-4E07-8240-69338E82B723}.Release|iPhone.ActiveCfg = Release|Any CPU
		{CEC706C9-2F83-4E07-8240-69338E82B723}.Release|iPhone.Build.0 = Release|Any CPU
		{CEC706C9-2F83-4E07-8240-69338E82B723}.Release|iPhoneSimulator.ActiveCfg = Release|Any CPU
		{CEC706C9-2F83-4E07-8240-69338E82B723}.Release|iPhoneSimulator.Build.0 = Release|Any CPU
		{CEC706C9-2F83-4E07-8240-69338E82B723}.Release|x64.ActiveCfg = Release|Any CPU
		{CEC706C9-2F83-4E07-8240-69338E82B723}.Release|x64.Build.0 = Release|Any CPU
		{CEC706C9-2F83-4E07-8240-69338E82B723}.Release|x86.ActiveCfg = Release|Any CPU
		{CEC706C9-2F83-4E07-8240-69338E82B723}.Release|x86.Build.0 = Release|Any CPU
	EndGlobalSection
	GlobalSection(SolutionProperties) = preSolution
		HideSolutionNode = FALSE
	EndGlobalSection
EndGlobal
